{
  "requires": true,
  "lockfileVersion": 1,
  "dependencies": {
    "@ant-design/colors": {
      "version": "3.2.2",
      "resolved": "https://registry.npm.taobao.org/@ant-design/colors/download/@ant-design/colors-3.2.2.tgz",
      "integrity": "sha1-WtQ9YZ6RHzSI66wwPWBuZqhCOQM=",
      "requires": {
        "tinycolor2": "^1.4.1"
      }
    },
    "@ant-design/icons": {
      "version": "4.0.5",
      "resolved": "https://registry.npm.taobao.org/@ant-design/icons/download/@ant-design/icons-4.0.5.tgz",
      "integrity": "sha1-JDPK0Eq8f0jWGkhyl7MmwVKjWTU=",
      "requires": {
        "@ant-design/colors": "^3.1.0",
        "@ant-design/icons-svg": "^4.0.0",
        "classnames": "^2.2.6",
        "insert-css": "^2.0.0",
        "rc-util": "^4.9.0"
      }
    },
    "@ant-design/icons-svg": {
      "version": "4.0.0",
      "resolved": "https://registry.npm.taobao.org/@ant-design/icons-svg/download/@ant-design/icons-svg-4.0.0.tgz?cache=0&sync_timestamp=1582859447353&other_urls=https%3A%2F%2Fregistry.npm.taobao.org%2F%40ant-design%2Ficons-svg%2Fdownload%2F%40ant-design%2Ficons-svg-4.0.0.tgz",
      "integrity": "sha1-ZoPbDfl8DGkAuyiigPrzkVIuxzQ="
    },
    "@ant-design/react-slick": {
      "version": "0.25.5",
      "resolved": "https://registry.npm.taobao.org/@ant-design/react-slick/download/@ant-design/react-slick-0.25.5.tgz",
      "integrity": "sha1-GPQKuqIsFdwm2pxHPSTaONTY8zQ=",
      "requires": {
        "classnames": "^2.2.5",
        "json2mq": "^0.2.0",
        "lodash": "^4.17.15",
        "resize-observer-polyfill": "^1.5.0"
      }
    },
    "@babel/runtime": {
      "version": "7.9.2",
      "resolved": "https://registry.npm.taobao.org/@babel/runtime/download/@babel/runtime-7.9.2.tgz",
      "integrity": "sha1-2Q3wWDo6JS8JqqYZZlNnuuUY2wY=",
      "requires": {
        "regenerator-runtime": "^0.13.4"
      }
    },
    "@types/history": {
      "version": "4.7.5",
      "resolved": "https://registry.npm.taobao.org/@types/history/download/@types/history-4.7.5.tgz?cache=0&sync_timestamp=1580842872302&other_urls=https%3A%2F%2Fregistry.npm.taobao.org%2F%40types%2Fhistory%2Fdownload%2F%40types%2Fhistory-4.7.5.tgz",
      "integrity": "sha1-Un0g72hXGkrwLtdDUBZOemdUSGA="
    },
    "@types/hoist-non-react-statics": {
      "version": "3.3.1",
      "resolved": "https://registry.npm.taobao.org/@types/hoist-non-react-statics/download/@types/hoist-non-react-statics-3.3.1.tgz",
      "integrity": "sha1-ESSq/lEYy1kZd66xzqrtEHDrA58=",
      "requires": {
        "@types/react": "*",
        "hoist-non-react-statics": "^3.3.0"
      }
    },
    "@types/prop-types": {
      "version": "15.7.3",
      "resolved": "https://registry.npm.taobao.org/@types/prop-types/download/@types/prop-types-15.7.3.tgz",
      "integrity": "sha1-KrDV2i5YFflLC51LldHl8kOrLKc="
    },
    "@types/react": {
      "version": "16.9.34",
      "resolved": "https://registry.npm.taobao.org/@types/react/download/@types/react-16.9.34.tgz?cache=0&sync_timestamp=1586464409519&other_urls=https%3A%2F%2Fregistry.npm.taobao.org%2F%40types%2Freact%2Fdownload%2F%40types%2Freact-16.9.34.tgz",
      "integrity": "sha1-99XjMcRo9Tr/7ReopNSIzUTqk0k=",
      "requires": {
        "@types/prop-types": "*",
        "csstype": "^2.2.0"
      }
    },
    "@types/react-lifecycles-compat": {
      "version": "3.0.1",
      "resolved": "https://registry.npm.taobao.org/@types/react-lifecycles-compat/download/@types/react-lifecycles-compat-3.0.1.tgz",
      "integrity": "sha1-oLH+GM+5Q1vVJzeCmmnL6T+vMuI=",
      "requires": {
        "@types/react": "*"
      }
    },
    "@types/react-router": {
      "version": "5.1.5",
      "resolved": "https://registry.npm.taobao.org/@types/react-router/download/@types/react-router-5.1.5.tgz?cache=0&sync_timestamp=1585846687992&other_urls=https%3A%2F%2Fregistry.npm.taobao.org%2F%40types%2Freact-router%2Fdownload%2F%40types%2Freact-router-5.1.5.tgz",
      "integrity": "sha1-ey+bfMPTUOkmZMTjjA71KShv5ig=",
      "requires": {
        "@types/history": "*",
        "@types/react": "*"
      }
    },
    "@types/react-router-dom": {
      "version": "5.1.3",
      "resolved": "https://registry.npm.taobao.org/@types/react-router-dom/download/@types/react-router-dom-5.1.3.tgz",
      "integrity": "sha1-tdKOeFC9J02UTA+75dV+azDXEZY=",
      "requires": {
        "@types/history": "*",
        "@types/react": "*",
        "@types/react-router": "*"
      }
    },
    "@types/shallowequal": {
      "version": "1.1.1",
      "resolved": "https://registry.npm.taobao.org/@types/shallowequal/download/@types/shallowequal-1.1.1.tgz",
      "integrity": "sha1-qtJiuz8rElfZTHHVRSaNWSV1ybE="
    },
    "add-dom-event-listener": {
      "version": "1.1.0",
      "resolved": "https://registry.npm.taobao.org/add-dom-event-listener/download/add-dom-event-listener-1.1.0.tgz",
      "integrity": "sha1-apLbOg3Qq8JU4JXA8dwUrLuq4xA=",
      "requires": {
        "object-assign": "4.x"
      }
    },
    "antd": {
      "version": "4.1.1",
      "resolved": "https://registry.npm.taobao.org/antd/download/antd-4.1.1.tgz?cache=0&sync_timestamp=1586088144890&other_urls=https%3A%2F%2Fregistry.npm.taobao.org%2Fantd%2Fdownload%2Fantd-4.1.1.tgz",
      "integrity": "sha1-kWw9BaBGGjy79PIOfdFbTeRIzJA=",
      "requires": {
        "@ant-design/icons": "^4.0.0",
        "@ant-design/react-slick": "~0.25.5",
        "array-tree-filter": "^2.1.0",
        "classnames": "~2.2.6",
        "copy-to-clipboard": "^3.2.0",
        "css-animation": "^1.5.0",
        "lodash": "^4.17.13",
        "moment": "^2.24.0",
        "omit.js": "^1.0.2",
        "prop-types": "^15.7.2",
        "raf": "^3.4.1",
        "rc-animate": "~2.10.2",
        "rc-cascader": "~1.0.0",
        "rc-checkbox": "~2.2.0",
        "rc-collapse": "~1.11.3",
        "rc-dialog": "~7.6.0",
        "rc-drawer": "~3.1.1",
        "rc-dropdown": "~3.0.0",
        "rc-field-form": "~1.1.0",
        "rc-input-number": "~4.5.4",
        "rc-mentions": "~1.0.0",
        "rc-menu": "~8.0.1",
        "rc-notification": "~4.0.0",
        "rc-pagination": "~2.2.0",
        "rc-picker": "~1.4.0",
        "rc-progress": "~2.5.0",
        "rc-rate": "~2.5.1",
        "rc-resize-observer": "^0.2.0",
        "rc-select": "~10.1.0",
        "rc-slider": "~9.2.3",
        "rc-steps": "~3.5.0",
        "rc-switch": "~1.9.0",
        "rc-table": "~7.4.2",
        "rc-tabs": "~10.1.1",
        "rc-tooltip": "~4.0.2",
        "rc-tree": "~3.1.0",
        "rc-tree-select": "~3.1.0",
        "rc-trigger": "~4.0.0",
        "rc-upload": "~3.0.0",
        "rc-util": "^4.20.0",
        "rc-virtual-list": "^1.1.0",
        "resize-observer-polyfill": "^1.5.1",
        "scroll-into-view-if-needed": "^2.2.20",
        "warning": "~4.0.3"
      }
    },
    "array-tree-filter": {
      "version": "2.1.0",
      "resolved": "https://registry.npm.taobao.org/array-tree-filter/download/array-tree-filter-2.1.0.tgz",
      "integrity": "sha1-hzrAD+yDdJ8lWsjdCDgUtPYykZA="
    },
    "async-validator": {
      "version": "3.2.4",
      "resolved": "https://registry.npm.taobao.org/async-validator/download/async-validator-3.2.4.tgz",
      "integrity": "sha1-Tnc6HQ10EBa0VbeZW0aaR8zg2+A="
    },
    "axios": {
      "version": "0.19.2",
      "resolved": "https://registry.npm.taobao.org/axios/download/axios-0.19.2.tgz?cache=0&other_urls=https%3A%2F%2Fregistry.npm.taobao.org%2Faxios%2Fdownload%2Faxios-0.19.2.tgz",
      "integrity": "sha1-PqNsXYgY0NX4qKl6bTa4bNwAyyc=",
      "requires": {
        "follow-redirects": "1.5.10"
      }
    },
    "babel-runtime": {
      "version": "6.26.0",
      "resolved": "https://registry.npm.taobao.org/babel-runtime/download/babel-runtime-6.26.0.tgz",
      "integrity": "sha1-llxwWGaOgrVde/4E/yM3vItWR/4=",
      "requires": {
        "core-js": "^2.4.0",
        "regenerator-runtime": "^0.11.0"
      },
      "dependencies": {
        "regenerator-runtime": {
          "version": "0.11.1",
          "resolved": "https://registry.npm.taobao.org/regenerator-runtime/download/regenerator-runtime-0.11.1.tgz?cache=0&sync_timestamp=1584052392667&other_urls=https%3A%2F%2Fregistry.npm.taobao.org%2Fregenerator-runtime%2Fdownload%2Fregenerator-runtime-0.11.1.tgz",
          "integrity": "sha1-vgWtf5v30i4Fb5cmzuUBf78Z4uk="
        }
      }
    },
    "classnames": {
      "version": "2.2.6",
      "resolved": "https://registry.npm.taobao.org/classnames/download/classnames-2.2.6.tgz",
      "integrity": "sha1-Q5Nb/90pHzJtrQogUwmzjQD2UM4="
    },
    "component-classes": {
      "version": "1.2.6",
      "resolved": "https://registry.npm.taobao.org/component-classes/download/component-classes-1.2.6.tgz",
      "integrity": "sha1-xkI5TDYYpNiwuJGe/Mu9kw5c1pE=",
      "requires": {
        "component-indexof": "0.0.3"
      }
    },
    "component-indexof": {
      "version": "0.0.3",
      "resolved": "https://registry.npm.taobao.org/component-indexof/download/component-indexof-0.0.3.tgz",
      "integrity": "sha1-EdCRMSI5648yyPJa6csAL/6NPCQ="
    },
    "compute-scroll-into-view": {
      "version": "1.0.13",
      "resolved": "https://registry.npm.taobao.org/compute-scroll-into-view/download/compute-scroll-into-view-1.0.13.tgz",
      "integrity": "sha1-vhsWY7Dj9WzV93EwglSfVio0d+I="
    },
    "copy-to-clipboard": {
      "version": "3.3.1",
      "resolved": "https://registry.npm.taobao.org/copy-to-clipboard/download/copy-to-clipboard-3.3.1.tgz?cache=0&sync_timestamp=1582384594874&other_urls=https%3A%2F%2Fregistry.npm.taobao.org%2Fcopy-to-clipboard%2Fdownload%2Fcopy-to-clipboard-3.3.1.tgz",
      "integrity": "sha1-EVqhqZmP+rYZb5MHatbaO5E2Yq4=",
      "requires": {
        "toggle-selection": "^1.0.6"
      }
    },
    "core-js": {
      "version": "2.6.11",
      "resolved": "https://registry.npm.taobao.org/core-js/download/core-js-2.6.11.tgz?cache=0&other_urls=https%3A%2F%2Fregistry.npm.taobao.org%2Fcore-js%2Fdownload%2Fcore-js-2.6.11.tgz",
      "integrity": "sha1-OIMUafmSK97Y7iHJ3EaYXgOZMIw="
    },
    "css-animation": {
      "version": "1.6.1",
      "resolved": "https://registry.npm.taobao.org/css-animation/download/css-animation-1.6.1.tgz?cache=0&sync_timestamp=1566456477727&other_urls=https%3A%2F%2Fregistry.npm.taobao.org%2Fcss-animation%2Fdownload%2Fcss-animation-1.6.1.tgz",
      "integrity": "sha1-FiBko7DVH5WLf/N7PW1N4Y4XA54=",
      "requires": {
        "babel-runtime": "6.x",
        "component-classes": "^1.2.5"
      }
    },
    "csstype": {
      "version": "2.6.10",
      "resolved": "https://registry.npm.taobao.org/csstype/download/csstype-2.6.10.tgz?cache=0&sync_timestamp=1585556974236&other_urls=https%3A%2F%2Fregistry.npm.taobao.org%2Fcsstype%2Fdownload%2Fcsstype-2.6.10.tgz",
      "integrity": "sha1-5jr1DmbXwmbttrMpCc/Qqr4Dkos="
    },
    "debug": {
      "version": "3.1.0",
      "resolved": "https://registry.npm.taobao.org/debug/download/debug-3.1.0.tgz",
      "integrity": "sha1-W7WgZyYotkFJVmuhaBnmFRjGcmE=",
      "requires": {
        "ms": "2.0.0"
      }
    },
    "dom-align": {
      "version": "1.11.1",
      "resolved": "https://registry.npm.taobao.org/dom-align/download/dom-align-1.11.1.tgz?cache=0&sync_timestamp=1584440792731&other_urls=https%3A%2F%2Fregistry.npm.taobao.org%2Fdom-align%2Fdownload%2Fdom-align-1.11.1.tgz",
      "integrity": "sha1-dZK+maZgo2ze3B1u6yK4EJ11jK4="
    },
    "follow-redirects": {
      "version": "1.5.10",
      "resolved": "https://registry.npm.taobao.org/follow-redirects/download/follow-redirects-1.5.10.tgz?cache=0&sync_timestamp=1585479417937&other_urls=https%3A%2F%2Fregistry.npm.taobao.org%2Ffollow-redirects%2Fdownload%2Ffollow-redirects-1.5.10.tgz",
      "integrity": "sha1-e3qfmuov3/NnhqlP9kPtB/T/Xio=",
      "requires": {
        "debug": "=3.1.0"
      }
    },
    "gud": {
      "version": "1.0.0",
      "resolved": "https://registry.npm.taobao.org/gud/download/gud-1.0.0.tgz",
      "integrity": "sha1-pIlYGxfmpwvsqavjrlfeekmYUsA="
    },
    "hammerjs": {
      "version": "2.0.8",
      "resolved": "https://registry.npm.taobao.org/hammerjs/download/hammerjs-2.0.8.tgz",
      "integrity": "sha1-BO93hiz/K7edMPdpIJWTAiK/YPE="
    },
    "history": {
      "version": "4.10.1",
      "resolved": "https://registry.npm.taobao.org/history/download/history-4.10.1.tgz?cache=0&sync_timestamp=1585251672531&other_urls=https%3A%2F%2Fregistry.npm.taobao.org%2Fhistory%2Fdownload%2Fhistory-4.10.1.tgz",
      "integrity": "sha1-MzcaZeOoOyZ0NOKz87G0xYqtTPM=",
      "requires": {
        "@babel/runtime": "^7.1.2",
        "loose-envify": "^1.2.0",
        "resolve-pathname": "^3.0.0",
        "tiny-invariant": "^1.0.2",
        "tiny-warning": "^1.0.0",
        "value-equal": "^1.0.1"
      }
    },
    "hoist-non-react-statics": {
      "version": "3.3.2",
      "resolved": "https://registry.npm.taobao.org/hoist-non-react-statics/download/hoist-non-react-statics-3.3.2.tgz",
      "integrity": "sha1-7OCsr3HWLClpwuxZ/v9CpLGoW0U=",
      "requires": {
        "react-is": "^16.7.0"
      }
    },
    "insert-css": {
      "version": "2.0.0",
      "resolved": "https://registry.npm.taobao.org/insert-css/download/insert-css-2.0.0.tgz",
      "integrity": "sha1-610Ql7dUL0x56jBg067gfQU4gPQ="
    },
    "isarray": {
      "version": "0.0.1",
      "resolved": "https://registry.npm.taobao.org/isarray/download/isarray-0.0.1.tgz?cache=0&sync_timestamp=1562592096220&other_urls=https%3A%2F%2Fregistry.npm.taobao.org%2Fisarray%2Fdownload%2Fisarray-0.0.1.tgz",
      "integrity": "sha1-ihis/Kmo9Bd+Cav8YDiTmwXR7t8="
    },
    "js-tokens": {
      "version": "4.0.0",
      "resolved": "https://registry.npm.taobao.org/js-tokens/download/js-tokens-4.0.0.tgz",
      "integrity": "sha1-GSA/tZmR35jjoocFDUZHzerzJJk="
    },
    "json2mq": {
      "version": "0.2.0",
      "resolved": "https://registry.npm.taobao.org/json2mq/download/json2mq-0.2.0.tgz",
      "integrity": "sha1-tje9O6nqvhIsg+lyBIOusQ0skEo=",
      "requires": {
        "string-convert": "^0.2.0"
      }
    },
    "lodash": {
      "version": "4.17.15",
      "resolved": "https://registry.npm.taobao.org/lodash/download/lodash-4.17.15.tgz",
      "integrity": "sha1-tEf2ZwoEVbv+7dETku/zMOoJdUg="
    },
    "loose-envify": {
      "version": "1.4.0",
      "resolved": "https://registry.npm.taobao.org/loose-envify/download/loose-envify-1.4.0.tgz",
      "integrity": "sha1-ce5R+nvkyuwaY4OffmgtgTLTDK8=",
      "requires": {
        "js-tokens": "^3.0.0 || ^4.0.0"
      }
    },
    "mini-create-react-context": {
      "version": "0.3.2",
      "resolved": "https://registry.npm.taobao.org/mini-create-react-context/download/mini-create-react-context-0.3.2.tgz?cache=0&sync_timestamp=1583138148541&other_urls=https%3A%2F%2Fregistry.npm.taobao.org%2Fmini-create-react-context%2Fdownload%2Fmini-create-react-context-0.3.2.tgz",
      "integrity": "sha1-efxZjyg91iPajgiLBduM3aslAYk=",
      "requires": {
        "@babel/runtime": "^7.4.0",
        "gud": "^1.0.0",
        "tiny-warning": "^1.0.2"
      }
    },
    "mini-store": {
      "version": "3.0.1",
      "resolved": "https://registry.npm.taobao.org/mini-store/download/mini-store-3.0.1.tgz",
      "integrity": "sha1-CHUchMVR0SyCujY5wix+HVldabk=",
      "requires": {
        "@types/hoist-non-react-statics": "^3.3.1",
        "@types/react-lifecycles-compat": "^3.0.1",
        "@types/shallowequal": "^1.1.1",
        "hoist-non-react-statics": "^2.3.1",
        "prop-types": "^15.6.0",
        "react-lifecycles-compat": "^3.0.4",
        "shallowequal": "^1.0.2",
        "typescript": "^3.8.3"
      },
      "dependencies": {
        "hoist-non-react-statics": {
          "version": "2.5.5",
          "resolved": "https://registry.npm.taobao.org/hoist-non-react-statics/download/hoist-non-react-statics-2.5.5.tgz",
          "integrity": "sha1-xZA89AnA39kI84jmGdhrnBF0y0c="
        }
      }
    },
    "moment": {
      "version": "2.24.0",
      "resolved": "https://registry.npm.taobao.org/moment/download/moment-2.24.0.tgz",
      "integrity": "sha1-DQVdU/UFKqZTyfbraLtdEr9cK1s="
    },
    "ms": {
      "version": "2.0.0",
      "resolved": "https://registry.npm.taobao.org/ms/download/ms-2.0.0.tgz",
      "integrity": "sha1-VgiurfwAvmwpAd9fmGF4jeDVl8g="
    },
    "object-assign": {
      "version": "4.1.1",
      "resolved": "https://registry.npm.taobao.org/object-assign/download/object-assign-4.1.1.tgz",
      "integrity": "sha1-IQmtx5ZYh8/AXLvUQsrIv7s2CGM="
    },
    "omit.js": {
      "version": "1.0.2",
      "resolved": "https://registry.npm.taobao.org/omit.js/download/omit.js-1.0.2.tgz",
      "integrity": "sha1-kaFPDrqEBm36AVvzDkdMR/MLyFg=",
      "requires": {
        "babel-runtime": "^6.23.0"
      }
    },
    "path-to-regexp": {
      "version": "1.8.0",
      "resolved": "https://registry.npm.taobao.org/path-to-regexp/download/path-to-regexp-1.8.0.tgz",
      "integrity": "sha1-iHs7qdhDk+h6CgufTLdWGYtTVIo=",
      "requires": {
        "isarray": "0.0.1"
      }
    },
    "performance-now": {
      "version": "2.1.0",
      "resolved": "https://registry.npm.taobao.org/performance-now/download/performance-now-2.1.0.tgz",
      "integrity": "sha1-Ywn04OX6kT7BxpMHrjZLSzd8nns="
    },
    "prop-types": {
      "version": "15.7.2",
      "resolved": "https://registry.npm.taobao.org/prop-types/download/prop-types-15.7.2.tgz",
      "integrity": "sha1-UsQedbjIfnK52TYOAga5ncv/psU=",
      "requires": {
        "loose-envify": "^1.4.0",
        "object-assign": "^4.1.1",
        "react-is": "^16.8.1"
      }
    },
    "raf": {
      "version": "3.4.1",
      "resolved": "https://registry.npm.taobao.org/raf/download/raf-3.4.1.tgz",
      "integrity": "sha1-B0LpmkplUvRF1z4+4DKK8P8e3jk=",
      "requires": {
        "performance-now": "^2.1.0"
      }
    },
    "rc-align": {
      "version": "3.0.0-rc.1",
      "resolved": "https://registry.npm.taobao.org/rc-align/download/rc-align-3.0.0-rc.1.tgz?cache=0&sync_timestamp=1578313552162&other_urls=https%3A%2F%2Fregistry.npm.taobao.org%2Frc-align%2Fdownload%2Frc-align-3.0.0-rc.1.tgz",
      "integrity": "sha1-MtH6yGDRK7hem4yvu973nz9TdnQ=",
      "requires": {
        "classnames": "2.x",
        "dom-align": "^1.7.0",
        "rc-util": "^4.12.0",
        "resize-observer-polyfill": "^1.5.1"
      }
    },
    "rc-animate": {
      "version": "2.10.3",
      "resolved": "https://registry.npm.taobao.org/rc-animate/download/rc-animate-2.10.3.tgz?cache=0&sync_timestamp=1582632754756&other_urls=https%3A%2F%2Fregistry.npm.taobao.org%2Frc-animate%2Fdownload%2Frc-animate-2.10.3.tgz",
      "integrity": "sha1-Fj1eKSgaT/gtU+55GO7qyFa3Vvk=",
      "requires": {
        "babel-runtime": "6.x",
        "classnames": "^2.2.6",
        "css-animation": "^1.3.2",
        "prop-types": "15.x",
        "raf": "^3.4.0",
        "rc-util": "^4.15.3",
        "react-lifecycles-compat": "^3.0.4"
      }
    },
    "rc-cascader": {
      "version": "1.0.1",
      "resolved": "https://registry.npm.taobao.org/rc-cascader/download/rc-cascader-1.0.1.tgz?cache=0&sync_timestamp=1582782045634&other_urls=https%3A%2F%2Fregistry.npm.taobao.org%2Frc-cascader%2Fdownload%2Frc-cascader-1.0.1.tgz",
      "integrity": "sha1-dw3h4fp71VmqvU1Z5SWBm4vICbc=",
      "requires": {
        "array-tree-filter": "^2.1.0",
        "rc-trigger": "^4.0.0",
        "rc-util": "^4.0.4",
        "warning": "^4.0.1"
      }
    },
    "rc-checkbox": {
      "version": "2.2.0",
      "resolved": "https://registry.npm.taobao.org/rc-checkbox/download/rc-checkbox-2.2.0.tgz",
      "integrity": "sha1-oM6Vw08F4OuIJmQXRRjNS6o23Ok=",
      "requires": {
        "babel-runtime": "^6.23.0",
        "classnames": "2.x"
      }
    },
    "rc-collapse": {
      "version": "1.11.8",
      "resolved": "https://registry.npm.taobao.org/rc-collapse/download/rc-collapse-1.11.8.tgz",
      "integrity": "sha1-ZqQAidRpUZ6UJACasckn4hQEHYA=",
      "requires": {
        "classnames": "2.x",
        "css-animation": "1.x",
        "prop-types": "^15.5.6",
        "rc-animate": "2.x",
        "react-is": "^16.7.0",
        "react-lifecycles-compat": "^3.0.4",
        "shallowequal": "^1.1.0"
      }
    },
    "rc-dialog": {
      "version": "7.6.1",
      "resolved": "https://registry.npm.taobao.org/rc-dialog/download/rc-dialog-7.6.1.tgz",
      "integrity": "sha1-EVRczAuUWTT6dgeXJuDYU+UtcF8=",
      "requires": {
        "babel-runtime": "6.x",
        "rc-animate": "2.x",
        "rc-util": "^4.16.1"
      }
    },
    "rc-drawer": {
      "version": "3.1.3",
      "resolved": "https://registry.npm.taobao.org/rc-drawer/download/rc-drawer-3.1.3.tgz",
      "integrity": "sha1-y8sE1MB/C2by7OEdhH9KG9gOoLc=",
      "requires": {
        "classnames": "^2.2.6",
        "rc-util": "^4.16.1",
        "react-lifecycles-compat": "^3.0.4"
      }
    },
    "rc-dropdown": {
      "version": "3.0.2",
      "resolved": "https://registry.npm.taobao.org/rc-dropdown/download/rc-dropdown-3.0.2.tgz?cache=0&sync_timestamp=1583226606000&other_urls=https%3A%2F%2Fregistry.npm.taobao.org%2Frc-dropdown%2Fdownload%2Frc-dropdown-3.0.2.tgz",
      "integrity": "sha1-5Ia2f16Oi54yZCbVqAJUYhRT1mo=",
      "requires": {
        "babel-runtime": "^6.26.0",
        "classnames": "^2.2.6",
        "rc-trigger": "^4.0.0"
      }
    },
    "rc-field-form": {
      "version": "1.1.3",
      "resolved": "https://registry.npm.taobao.org/rc-field-form/download/rc-field-form-1.1.3.tgz",
      "integrity": "sha1-glEhefmqLRQhdYtJnqSk8TKSghw=",
      "requires": {
        "@babel/runtime": "^7.8.4",
        "async-validator": "^3.0.3",
        "rc-util": "^4.17.0",
        "warning": "^4.0.3"
      }
    },
    "rc-hammerjs": {
      "version": "0.6.9",
      "resolved": "https://registry.npm.taobao.org/rc-hammerjs/download/rc-hammerjs-0.6.9.tgz",
      "integrity": "sha1-mk3b2hsuyPm5WWCRpqmJhCokOQc=",
      "requires": {
        "babel-runtime": "6.x",
        "hammerjs": "^2.0.8",
        "prop-types": "^15.5.9"
      }
    },
    "rc-input-number": {
      "version": "4.5.6",
      "resolved": "https://registry.npm.taobao.org/rc-input-number/download/rc-input-number-4.5.6.tgz",
      "integrity": "sha1-DVJ2KwrDlDIlbixsXINhAvl5fEY=",
      "requires": {
        "babel-runtime": "6.x",
        "classnames": "^2.2.0",
        "prop-types": "^15.5.7",
        "rc-util": "^4.5.1",
        "rmc-feedback": "^2.0.0"
      }
    },
    "rc-mentions": {
      "version": "1.0.1",
      "resolved": "https://registry.npm.taobao.org/rc-mentions/download/rc-mentions-1.0.1.tgz?cache=0&sync_timestamp=1586401252959&other_urls=https%3A%2F%2Fregistry.npm.taobao.org%2Frc-mentions%2Fdownload%2Frc-mentions-1.0.1.tgz",
      "integrity": "sha1-SoK1ARzNPwAI9p87LimrjA2RsX8=",
      "requires": {
        "classnames": "^2.2.6",
        "rc-menu": "^8.0.1",
        "rc-trigger": "^4.0.0",
        "rc-util": "^4.6.0"
      }
    },
    "rc-menu": {
      "version": "8.0.3",
      "resolved": "https://registry.npm.taobao.org/rc-menu/download/rc-menu-8.0.3.tgz?cache=0&sync_timestamp=1585366710991&other_urls=https%3A%2F%2Fregistry.npm.taobao.org%2Frc-menu%2Fdownload%2Frc-menu-8.0.3.tgz",
      "integrity": "sha1-1VPqqJLabALHTJsdLnePFArOTZk=",
      "requires": {
        "classnames": "2.x",
        "mini-store": "^3.0.1",
        "rc-animate": "^2.10.1",
        "rc-trigger": "^4.0.0",
        "rc-util": "^4.13.0",
        "resize-observer-polyfill": "^1.5.0",
        "scroll-into-view-if-needed": "^2.2.20",
        "shallowequal": "^1.1.0"
      }
    },
    "rc-notification": {
      "version": "4.0.0",
      "resolved": "https://registry.npm.taobao.org/rc-notification/download/rc-notification-4.0.0.tgz",
      "integrity": "sha1-/+WXg9ZzgAOXLd6LlljxrNRpzSw=",
      "requires": {
        "classnames": "2.x",
        "rc-animate": "2.x",
        "rc-util": "^4.0.4"
      }
    },
    "rc-pagination": {
      "version": "2.2.0",
      "resolved": "https://registry.npm.taobao.org/rc-pagination/download/rc-pagination-2.2.0.tgz",
      "integrity": "sha1-jaqrG2rWZNot3qhC+GaHtpLrd10=",
      "requires": {
        "classnames": "^2.2.1"
      }
    },
    "rc-picker": {
      "version": "1.4.7",
      "resolved": "https://registry.npm.taobao.org/rc-picker/download/rc-picker-1.4.7.tgz",
      "integrity": "sha1-0qtcxeTnjozkGsuVSBL53z/Qsn0=",
      "requires": {
        "classnames": "^2.2.1",
        "moment": "^2.24.0",
        "rc-trigger": "^4.0.0",
        "rc-util": "^4.17.0",
        "shallowequal": "^1.1.0"
      }
    },
    "rc-progress": {
      "version": "2.5.2",
      "resolved": "https://registry.npm.taobao.org/rc-progress/download/rc-progress-2.5.2.tgz?cache=0&other_urls=https%3A%2F%2Fregistry.npm.taobao.org%2Frc-progress%2Fdownload%2Frc-progress-2.5.2.tgz",
      "integrity": "sha1-qwG6Tl0vo2/J9vBYsQtyDnMVVgw=",
      "requires": {
        "babel-runtime": "6.x",
        "prop-types": "^15.5.8"
      }
    },
    "rc-rate": {
      "version": "2.5.1",
      "resolved": "https://registry.npm.taobao.org/rc-rate/download/rc-rate-2.5.1.tgz",
      "integrity": "sha1-Vfxf0j6p3MciULmoiYA0efSEKWE=",
      "requires": {
        "classnames": "^2.2.5",
        "prop-types": "^15.5.8",
        "rc-util": "^4.3.0",
        "react-lifecycles-compat": "^3.0.4"
      }
    },
    "rc-resize-observer": {
      "version": "0.2.1",
      "resolved": "https://registry.npm.taobao.org/rc-resize-observer/download/rc-resize-observer-0.2.1.tgz",
      "integrity": "sha1-RhCsuKDyqEtejUVmSWSsMrXT33I=",
      "requires": {
        "classnames": "^2.2.1",
        "rc-util": "^4.14.0",
        "resize-observer-polyfill": "^1.5.1"
      }
    },
    "rc-select": {
      "version": "10.1.8",
      "resolved": "https://registry.npm.taobao.org/rc-select/download/rc-select-10.1.8.tgz",
      "integrity": "sha1-y2+VqH5Cq00yAG65bUT9Ot+ggUc=",
      "requires": {
        "classnames": "2.x",
        "rc-animate": "^2.10.0",
        "rc-trigger": "^4.0.0",
        "rc-util": "^4.20.0",
        "rc-virtual-list": "^1.1.2",
        "warning": "^4.0.3"
      }
    },
    "rc-slider": {
      "version": "9.2.4",
      "resolved": "https://registry.npm.taobao.org/rc-slider/download/rc-slider-9.2.4.tgz",
      "integrity": "sha1-kuK1jFPe+ZIa4PwoInJ6tXhbntA=",
      "requires": {
        "babel-runtime": "6.x",
        "classnames": "^2.2.5",
        "rc-tooltip": "^4.0.0",
        "rc-util": "^4.0.4",
        "shallowequal": "^1.1.0",
        "warning": "^4.0.3"
      }
    },
    "rc-steps": {
      "version": "3.5.0",
      "resolved": "https://registry.npm.taobao.org/rc-steps/download/rc-steps-3.5.0.tgz",
      "integrity": "sha1-NrKn8fSZB7DZA2OISxhiPK+ftgA=",
      "requires": {
        "babel-runtime": "^6.23.0",
        "classnames": "^2.2.3",
        "lodash": "^4.17.5",
        "prop-types": "^15.5.7"
      }
    },
    "rc-switch": {
      "version": "1.9.0",
      "resolved": "https://registry.npm.taobao.org/rc-switch/download/rc-switch-1.9.0.tgz",
      "integrity": "sha1-qyuHjycTxoE1ikUzkZdsm5WykPc=",
      "requires": {
        "classnames": "^2.2.1",
        "prop-types": "^15.5.6",
        "react-lifecycles-compat": "^3.0.4"
      }
    },
    "rc-table": {
      "version": "7.4.4",
      "resolved": "https://registry.npm.taobao.org/rc-table/download/rc-table-7.4.4.tgz?cache=0&sync_timestamp=1586329209227&other_urls=https%3A%2F%2Fregistry.npm.taobao.org%2Frc-table%2Fdownload%2Frc-table-7.4.4.tgz",
      "integrity": "sha1-1hlzwxdB8i/eiy2omZPyGi8QDSw=",
      "requires": {
        "classnames": "^2.2.5",
        "component-classes": "^1.2.6",
        "lodash": "^4.17.5",
        "prop-types": "^15.5.8",
        "raf": "^3.4.1",
        "rc-resize-observer": "^0.2.0",
        "rc-util": "^4.20.1",
        "react-lifecycles-compat": "^3.0.2",
        "shallowequal": "^1.1.0"
      }
    },
    "rc-tabs": {
      "version": "10.1.1",
      "resolved": "https://registry.npm.taobao.org/rc-tabs/download/rc-tabs-10.1.1.tgz?cache=0&other_urls=https%3A%2F%2Fregistry.npm.taobao.org%2Frc-tabs%2Fdownload%2Frc-tabs-10.1.1.tgz",
      "integrity": "sha1-hH2MIDiEKjy18udJNdDji4X85h4=",
      "requires": {
        "classnames": "2.x",
        "lodash": "^4.17.5",
        "rc-hammerjs": "~0.6.0",
        "resize-observer-polyfill": "^1.5.1",
        "warning": "^4.0.3"
      }
    },
    "rc-tooltip": {
      "version": "4.0.3",
      "resolved": "https://registry.npm.taobao.org/rc-tooltip/download/rc-tooltip-4.0.3.tgz",
      "integrity": "sha1-cot2CGNkPsLoWCei5/so2WGzt1k=",
      "requires": {
        "rc-trigger": "^4.0.0"
      }
    },
    "rc-tree": {
      "version": "3.1.4",
      "resolved": "https://registry.npm.taobao.org/rc-tree/download/rc-tree-3.1.4.tgz?cache=0&other_urls=https%3A%2F%2Fregistry.npm.taobao.org%2Frc-tree%2Fdownload%2Frc-tree-3.1.4.tgz",
      "integrity": "sha1-QGZxcbbqhbBeL37wf3dd/VbBi8M=",
      "requires": {
        "classnames": "2.x",
        "prop-types": "^15.5.8",
        "rc-animate": "^2.9.2",
        "rc-util": "^4.11.0",
        "rc-virtual-list": "^1.1.0",
        "react-lifecycles-compat": "^3.0.4"
      }
    },
    "rc-tree-select": {
      "version": "3.1.2",
      "resolved": "https://registry.npm.taobao.org/rc-tree-select/download/rc-tree-select-3.1.2.tgz",
      "integrity": "sha1-1x1QUHHfgL4Bq9Dfyv1MLL2c3iQ=",
      "requires": {
        "classnames": "2.x",
        "rc-select": "^10.1.0",
        "rc-tree": "^3.1.0",
        "rc-util": "^4.17.0"
      }
    },
    "rc-trigger": {
      "version": "4.0.2",
      "resolved": "https://registry.npm.taobao.org/rc-trigger/download/rc-trigger-4.0.2.tgz",
      "integrity": "sha1-Qv5722pbNANeIPqev61p7JSLVr4=",
      "requires": {
        "classnames": "^2.2.6",
        "prop-types": "15.x",
        "raf": "^3.4.1",
        "rc-align": "^3.0.0-rc.0",
        "rc-animate": "^2.10.2",
        "rc-util": "^4.20.0"
      }
    },
    "rc-upload": {
      "version": "3.0.0",
      "resolved": "https://registry.npm.taobao.org/rc-upload/download/rc-upload-3.0.0.tgz",
      "integrity": "sha1-E2WndAWy34J0nlW8xHXuDelCQ3A=",
      "requires": {
        "babel-runtime": "6.x",
        "classnames": "^2.2.5"
      }
    },
    "rc-util": {
      "version": "4.20.3",
      "resolved": "https://registry.npm.taobao.org/rc-util/download/rc-util-4.20.3.tgz",
      "integrity": "sha1-xNTuYXHPaF3HVXJ1KnZDEDJYiNM=",
      "requires": {
        "add-dom-event-listener": "^1.1.0",
        "prop-types": "^15.5.10",
        "react-is": "^16.12.0",
        "react-lifecycles-compat": "^3.0.4",
        "shallowequal": "^1.1.0"
      }
    },
    "rc-virtual-list": {
      "version": "1.1.2",
      "resolved": "https://registry.npm.taobao.org/rc-virtual-list/download/rc-virtual-list-1.1.2.tgz?cache=0&sync_timestamp=1585908317128&other_urls=https%3A%2F%2Fregistry.npm.taobao.org%2Frc-virtual-list%2Fdownload%2Frc-virtual-list-1.1.2.tgz",
      "integrity": "sha1-/j2hE2s85hKzeJH8LPQ0R8ikCy8=",
      "requires": {
        "classnames": "^2.2.6",
        "raf": "^3.4.1",
        "rc-util": "^4.8.0"
      }
    },
    "react-is": {
      "version": "16.13.1",
      "resolved": "https://registry.npm.taobao.org/react-is/download/react-is-16.13.1.tgz",
      "integrity": "sha1-eJcppNw23imZ3BVt1sHZwYzqVqQ="
    },
    "react-lifecycles-compat": {
      "version": "3.0.4",
      "resolved": "https://registry.npm.taobao.org/react-lifecycles-compat/download/react-lifecycles-compat-3.0.4.tgz",
      "integrity": "sha1-TxonOv38jzSIqMUWv9p4+HI1I2I="
    },
    "react-router": {
      "version": "5.1.2",
      "resolved": "https://registry.npm.taobao.org/react-router/download/react-router-5.1.2.tgz?cache=0&sync_timestamp=1585960845599&other_urls=https%3A%2F%2Fregistry.npm.taobao.org%2Freact-router%2Fdownload%2Freact-router-5.1.2.tgz",
      "integrity": "sha1-bqUdeJyzamvhul98DUjdnoF9NBg=",
      "requires": {
        "@babel/runtime": "^7.1.2",
        "history": "^4.9.0",
        "hoist-non-react-statics": "^3.1.0",
        "loose-envify": "^1.3.1",
        "mini-create-react-context": "^0.3.0",
        "path-to-regexp": "^1.7.0",
        "prop-types": "^15.6.2",
        "react-is": "^16.6.0",
        "tiny-invariant": "^1.0.2",
        "tiny-warning": "^1.0.0"
      }
    },
    "react-router-dom": {
      "version": "5.1.2",
      "resolved": "https://registry.npm.taobao.org/react-router-dom/download/react-router-dom-5.1.2.tgz",
      "integrity": "sha1-BnAbg0NS9E03+7YxH4cPhMdrnBg=",
      "requires": {
        "@babel/runtime": "^7.1.2",
        "history": "^4.9.0",
        "loose-envify": "^1.3.1",
        "prop-types": "^15.6.2",
        "react-router": "5.1.2",
        "tiny-invariant": "^1.0.2",
        "tiny-warning": "^1.0.0"
      }
    },
    "regenerator-runtime": {
      "version": "0.13.5",
      "resolved": "https://registry.npm.taobao.org/regenerator-runtime/download/regenerator-runtime-0.13.5.tgz?cache=0&sync_timestamp=1584052392667&other_urls=https%3A%2F%2Fregistry.npm.taobao.org%2Fregenerator-runtime%2Fdownload%2Fregenerator-runtime-0.13.5.tgz",
      "integrity": "sha1-2Hih0JS0MG0QuQlkhLM+vVXiZpc="
    },
    "resize-observer-polyfill": {
      "version": "1.5.1",
      "resolved": "https://registry.npm.taobao.org/resize-observer-polyfill/download/resize-observer-polyfill-1.5.1.tgz",
      "integrity": "sha1-DpAg3T0hAkRY1OvSfiPkAmmBBGQ="
    },
    "resolve-pathname": {
      "version": "3.0.0",
      "resolved": "https://registry.npm.taobao.org/resolve-pathname/download/resolve-pathname-3.0.0.tgz",
      "integrity": "sha1-mdAiJNPPJjaJvsuzk7xWAxMCXc0="
    },
    "rmc-feedback": {
      "version": "2.0.0",
      "resolved": "https://registry.npm.taobao.org/rmc-feedback/download/rmc-feedback-2.0.0.tgz",
      "integrity": "sha1-y8bLOuY8emNe7w4l5PuvWsNm7qo=",
      "requires": {
        "babel-runtime": "6.x",
        "classnames": "^2.2.5"
      }
    },
    "scroll-into-view-if-needed": {
      "version": "2.2.24",
      "resolved": "https://registry.npm.taobao.org/scroll-into-view-if-needed/download/scroll-into-view-if-needed-2.2.24.tgz",
      "integrity": "sha1-ErylMpkHab1QkRWkntz6dV6SoOo=",
      "requires": {
        "compute-scroll-into-view": "^1.0.13"
      }
    },
    "shallowequal": {
      "version": "1.1.0",
      "resolved": "https://registry.npm.taobao.org/shallowequal/download/shallowequal-1.1.0.tgz",
      "integrity": "sha1-GI1SHelbkIdAT9TctosT3wrk5/g="
    },
    "string-convert": {
      "version": "0.2.1",
      "resolved": "https://registry.npm.taobao.org/string-convert/download/string-convert-0.2.1.tgz",
      "integrity": "sha1-aYLMMEn7tM2F+LJFaLnZvznu/5c="
    },
    "tiny-invariant": {
      "version": "1.1.0",
      "resolved": "https://registry.npm.taobao.org/tiny-invariant/download/tiny-invariant-1.1.0.tgz",
      "integrity": "sha1-Y0xfjv3CdxS384bDXmdgmR0jCHU="
    },
    "tiny-warning": {
      "version": "1.0.3",
      "resolved": "https://registry.npm.taobao.org/tiny-warning/download/tiny-warning-1.0.3.tgz",
      "integrity": "sha1-lKMNtFPfTGQ9D9VmBg1gqHXYR1Q="
    },
    "tinycolor2": {
      "version": "1.4.1",
      "resolved": "https://registry.npm.taobao.org/tinycolor2/download/tinycolor2-1.4.1.tgz",
      "integrity": "sha1-9PrTM0R7wLB9TcjpIJ2POaisd+g="
    },
    "toggle-selection": {
      "version": "1.0.6",
      "resolved": "https://registry.npm.taobao.org/toggle-selection/download/toggle-selection-1.0.6.tgz",
      "integrity": "sha1-bkWxJj8gF/oKzH2J14sVuL932jI="
    },
    "typescript": {
      "version": "3.8.3",
      "resolved": "https://registry.npm.taobao.org/typescript/download/typescript-3.8.3.tgz",
      "integrity": "sha1-QJ64VE6gM1cRIFhp7EWKsQnuEGE="
    },
    "value-equal": {
      "version": "1.0.1",
      "resolved": "https://registry.npm.taobao.org/value-equal/download/value-equal-1.0.1.tgz",
      "integrity": "sha1-Hgt5THNMXAyt4XnEN9NW2TGjTWw="
    },
    "warning": {
      "version": "4.0.3",
      "resolved": "https://registry.npm.taobao.org/warning/download/warning-4.0.3.tgz?cache=0&other_urls=https%3A%2F%2Fregistry.npm.taobao.org%2Fwarning%2Fdownload%2Fwarning-4.0.3.tgz",
      "integrity": "sha1-Fungd+uKhtavfWSqHgX9hbRnjKM=",
      "requires": {
        "loose-envify": "^1.0.0"
      }
    }
  }
}
